
Microsoft Visual Studio Solution File, Format Version 12.00
# Visual Studio Version 17
VisualStudioVersion = 17.6.33815.320
MinimumVisualStudioVersion = 10.0.40219.1
Project("{FAE04EC0-301F-11D3-BF4B-00C04F79EFBC}") = "ELibraryManagement", "ELibraryManagement\ELibraryManagement.csproj", "{F72D6DE8-D020-4CAA-84D8-614492602E8C}"
EndProject
Global
	GlobalSection(SolutionConfigurationPlatforms) = preSolution
		Debug|Any CPU = Debug|Any CPU
		Release|Any CPU = Release|Any CPU
	EndGlobalSection
	GlobalSection(ProjectConfigurationPlatforms) = postSolution
		{F72D6DE8-D020-4CAA-84D8-614492602E8C}.Debug|Any CPU.ActiveCfg = Debug|Any CPU
		{F72D6DE8-D020-4CAA-84D8-614492602E8C}.Debug|Any CPU.Build.0 = Debug|Any CPU
		{F72D6DE8-D020-4CAA-84D8-614492602E8C}.Release|Any CPU.ActiveCfg = Release|Any CPU
		{F72D6DE8-D020-4CAA-84D8-614492602E8C}.Release|Any CPU.Build.0 = Release|Any CPU
	EndGlobalSection
	GlobalSection(SolutionProperties) = preSolution
		HideSolutionNode = FALSE
	EndGlobalSection
	GlobalSection(ExtensibilityGlobals) = postSolution
		SolutionGuid = {EED4D928-6002-45B4-9E2D-90E1C161D0D1}
	EndGlobalSection
EndGlobal
